// !$*UTF8*$!
{
	archiveVersion = 1;
	classes = {
	};
	objectVersion = 55;
	objects = {

/* Begin PBXBuildFile section */
		D0192B6C2A957DA3000D7469 /* AppDelegate.swift in Sources */ = {isa = PBXBuildFile; fileRef = D0192B6B2A957DA3000D7469 /* AppDelegate.swift */; };
		D0192B6E2A957DA3000D7469 /* SceneDelegate.swift in Sources */ = {isa = PBXBuildFile; fileRef = D0192B6D2A957DA3000D7469 /* SceneDelegate.swift */; };
		D0192B702A957DA3000D7469 /* ViewController.swift in Sources */ = {isa = PBXBuildFile; fileRef = D0192B6F2A957DA3000D7469 /* ViewController.swift */; };
		D0192B732A957DA3000D7469 /* Main.storyboard in Resources */ = {isa = PBXBuildFile; fileRef = D0192B712A957DA3000D7469 /* Main.storyboard */; };
		D0192B752A957DA5000D7469 /* Assets.xcassets in Resources */ = {isa = PBXBuildFile; fileRef = D0192B742A957DA5000D7469 /* Assets.xcassets */; };
		D0192B782A957DA5000D7469 /* LaunchScreen.storyboard in Resources */ = {isa = PBXBuildFile; fileRef = D0192B762A957DA5000D7469 /* LaunchScreen.storyboard */; };
		D0192B832A957DA5000D7469 /* Hackwich_OneTests.swift in Sources */ = {isa = PBXBuildFile; fileRef = D0192B822A957DA5000D7469 /* Hackwich_OneTests.swift */; };
		D0192B8D2A957DA5000D7469 /* Hackwich_OneUITests.swift in Sources */ = {isa = PBXBuildFile; fileRef = D0192B8C2A957DA5000D7469 /* Hackwich_OneUITests.swift */; };
		D0192B8F2A957DA5000D7469 /* Hackwich_OneUITestsLaunchTests.swift in Sources */ = {isa = PBXBuildFile; fileRef = D0192B8E2A957DA5000D7469 /* Hackwich_OneUITestsLaunchTests.swift */; };
/* End PBXBuildFile section */

/* Begin PBXContainerItemProxy section */
		D0192B7F2A957DA5000D7469 /* PBXContainerItemProxy */ = {
			isa = PBXContainerItemProxy;
			containerPortal = D0192B602A957DA3000D7469 /* Project object */;
			proxyType = 1;
			remoteGlobalIDString = D0192B672A957DA3000D7469;
			remoteInfo = "Hackwich One";
		};
		D0192B892A957DA5000D7469 /* PBXContainerItemProxy */ = {
			isa = PBXContainerItemProxy;
			containerPortal = D0192B602A957DA3000D7469 /* Project object */;
			proxyType = 1;
			remoteGlobalIDString = D0192B672A957DA3000D7469;
			remoteInfo = "Hackwich One";
		};
/* End PBXContainerItemProxy section */

/* Begin PBXFileReference section */
		D0192B682A957DA3000D7469 /* Hackwich One.app */ = {isa = PBXFileReference; explicitFileType = wrapper.application; includeInIndex = 0; path = "Hackwich One.app"; sourceTree = BUILT_PRODUCTS_DIR; };
		D0192B6B2A957DA3000D7469 /* AppDelegate.swift */ = {isa = PBXFileReference; lastKnownFileType = sourcecode.swift; path = AppDelegate.swift; sourceTree = "<group>"; };
		D0192B6D2A957DA3000D7469 /* SceneDelegate.swift */ = {isa = PBXFileReference; lastKnownFileType = sourcecode.swift; path = SceneDelegate.swift; sourceTree = "<group>"; };
		D0192B6F2A957DA3000D7469 /* ViewController.swift */ = {isa = PBXFileReference; lastKnownFileType = sourcecode.swift; path = ViewController.swift; sourceTree = "<group>"; };
		D0192B722A957DA3000D7469 /* Base */ = {isa = PBXFileReference; lastKnownFileType = file.storyboard; name = Base; path = Base.lproj/Main.storyboard; sourceTree = "<group>"; };
		D0192B742A957DA5000D7469 /* Assets.xcassets */ = {isa = PBXFileReference; lastKnownFileType = folder.assetcatalog; path = Assets.xcassets; sourceTree = "<group>"; };
		D0192B772A957DA5000D7469 /* Base */ = {isa = PBXFileReference; lastKnownFileType = file.storyboard; name = Base; path = Base.lproj/LaunchScreen.storyboard; sourceTree = "<group>"; };
		D0192B792A957DA5000D7469 /* Info.plist */ = {isa = PBXFileReference; lastKnownFileType = text.plist.xml; path = Info.plist; sourceTree = "<group>"; };
		D0192B7E2A957DA5000D7469 /* Hackwich OneTests.xctest */ = {isa = PBXFileReference; explicitFileType = wrapper.cfbundle; includeInIndex = 0; path = "Hackwich OneTests.xctest"; sourceTree = BUILT_PRODUCTS_DIR; };
		D0192B822A957DA5000D7469 /* Hackwich_OneTests.swift */ = {isa = PBXFileReference; lastKnownFileType = sourcecode.swift; path = Hackwich_OneTests.swift; sourceTree = "<group>"; };
		D0192B882A957DA5000D7469 /* Hackwich OneUITests.xctest */ = {isa = PBXFileReference; explicitFileType = wrapper.cfbundle; includeInIndex = 0; path = "Hackwich OneUITests.xctest"; sourceTree = BUILT_PRODUCTS_DIR; };
		D0192B8C2A957DA5000D7469 /* Hackwich_OneUITests.swift */ = {isa = PBXFileReference; lastKnownFileType = sourcecode.swift; path = Hackwich_OneUITests.swift; sourceTree = "<group>"; };
		D0192B8E2A957DA5000D7469 /* Hackwich_OneUITestsLaunchTests.swift */ = {isa = PBXFileReference; lastKnownFileType = sourcecode.swift; path = Hackwich_OneUITestsLaunchTests.swift; sourceTree = "<group>"; };
/* End PBXFileReference section */

/* Begin PBXFrameworksBuildPhase section */
		D0192B652A957DA3000D7469 /* Frameworks */ = {
			isa = PBXFrameworksBuildPhase;
			buildActionMask = 2147483647;
			files = (
			);
			runOnlyForDeploymentPostprocessing = 0;
		};
		D0192B7B2A957DA5000D7469 /* Frameworks */ = {
			isa = PBXFrameworksBuildPhase;
			buildActionMask = 2147483647;
			files = (
			);
			runOnlyForDeploymentPostprocessing = 0;
		};
		D0192B852A957DA5000D7469 /* Frameworks */ = {
			isa = PBXFrameworksBuildPhase;
			buildActionMask = 2147483647;
			files = (
			);
			runOnlyForDeploymentPostprocessing = 0;
		};
/* End PBXFrameworksBuildPhase section */

/* Begin PBXGroup section */
		D0192B5F2A957DA3000D7469 = {
			isa = PBXGroup;
			children = (
				D0192B6A2A957DA3000D7469 /* Hackwich One */,
				D0192B812A957DA5000D7469 /* Hackwich OneTests */,
				D0192B8B2A957DA5000D7469 /* Hackwich OneUITests */,
				D0192B692A957DA3000D7469 /* Products */,
			);
			sourceTree = "<group>";
		};
		D0192B692A957DA3000D7469 /* Products */ = {
			isa = PBXGroup;
			children = (
				D0192B682A957DA3000D7469 /* Hackwich One.app */,
				D0192B7E2A957DA5000D7469 /* Hackwich OneTests.xctest */,
				D0192B882A957DA5000D7469 /* Hackwich OneUITests.xctest */,
			);
			name = Products;
			sourceTree = "<group>";
		};
		D0192B6A2A957DA3000D7469 /* Hackwich One */ = {
			isa = PBXGroup;
			children = (
				D0192B6B2A957DA3000D7469 /* AppDelegate.swift */,
				D0192B6D2A957DA3000D7469 /* SceneDelegate.swift */,
				D0192B6F2A957DA3000D7469 /* ViewController.swift */,
				D0192B712A957DA3000D7469 /* Main.storyboard */,
				D0192B742A957DA5000D7469 /* Assets.xcassets */,
				D0192B762A957DA5000D7469 /* LaunchScreen.storyboard */,
				D0192B792A957DA5000D7469 /* Info.plist */,
			);
			path = "Hackwich One";
			sourceTree = "<group>";
		};
		D0192B812A957DA5000D7469 /* Hackwich OneTests */ = {
			isa = PBXGroup;
			children = (
				D0192B822A957DA5000D7469 /* Hackwich_OneTests.swift */,
			);
			path = "Hackwich OneTests";
			sourceTree = "<group>";
		};
		D0192B8B2A957DA5000D7469 /* Hackwich OneUITests */ = {
			isa = PBXGroup;
			children = (
				D0192B8C2A957DA5000D7469 /* Hackwich_OneUITests.swift */,
				D0192B8E2A957DA5000D7469 /* Hackwich_OneUITestsLaunchTests.swift */,
			);
			path = "Hackwich OneUITests";
			sourceTree = "<group>";
		};
/* End PBXGroup section */

/* Begin PBXNativeTarget section */
		D0192B672A957DA3000D7469 /* Hackwich One */ = {
			isa = PBXNativeTarget;
			buildConfigurationList = D0192B922A957DA5000D7469 /* Build configuration list for PBXNativeTarget "Hackwich One" */;
			buildPhases = (
				D0192B642A957DA3000D7469 /* Sources */,
				D0192B652A957DA3000D7469 /* Frameworks */,
				D0192B662A957DA3000D7469 /* Resources */,
			);
			buildRules = (
			);
			dependencies = (
			);
			name = "Hackwich One";
			productName = "Hackwich One";
			productReference = D0192B682A957DA3000D7469 /* Hackwich One.app */;
			productType = "com.apple.product-type.application";
		};
		D0192B7D2A957DA5000D7469 /* Hackwich OneTests */ = {
			isa = PBXNativeTarget;
			buildConfigurationList = D0192B952A957DA5000D7469 /* Build configuration list for PBXNativeTarget "Hackwich OneTests" */;
			buildPhases = (
				D0192B7A2A957DA5000D7469 /* Sources */,
				D0192B7B2A957DA5000D7469 /* Frameworks */,
				D0192B7C2A957DA5000D7469 /* Resources */,
			);
			buildRules = (
			);
			dependencies = (
				D0192B802A957DA5000D7469 /* PBXTargetDependency */,
			);
			name = "Hackwich OneTests";
			productName = "Hackwich OneTests";
			productReference = D0192B7E2A957DA5000D7469 /* Hackwich OneTests.xctest */;
			productType = "com.apple.product-type.bundle.unit-test";
		};
		D0192B872A957DA5000D7469 /* Hackwich OneUITests */ = {
			isa = PBXNativeTarget;
			buildConfigurationList = D0192B982A957DA5000D7469 /* Build configuration list for PBXNativeTarget "Hackwich OneUITests" */;
			buildPhases = (
				D0192B842A957DA5000D7469 /* Sources */,
				D0192B852A957DA5000D7469 /* Frameworks */,
				D0192B862A957DA5000D7469 /* Resources */,
			);
			buildRules = (
			);
			dependencies = (
				D0192B8A2A957DA5000D7469 /* PBXTargetDependency */,
			);
			name = "Hackwich OneUITests";
			productName = "Hackwich OneUITests";
			productReference = D0192B882A957DA5000D7469 /* Hackwich OneUITests.xctest */;
			productType = "com.apple.product-type.bundle.ui-testing";
		};
/* End PBXNativeTarget section */

/* Begin PBXProject section */
		D0192B602A957DA3000D7469 /* Project object */ = {
			isa = PBXProject;
			attributes = {
				BuildIndependentTargetsInParallel = 1;
				LastSwiftUpdateCheck = 1340;
				LastUpgradeCheck = 1340;
				TargetAttributes = {
					D0192B672A957DA3000D7469 = {
						CreatedOnToolsVersion = 13.4.1;
					};
					D0192B7D2A957DA5000D7469 = {
						CreatedOnToolsVersion = 13.4.1;
						TestTargetID = D0192B672A957DA3000D7469;
					};
					D0192B872A957DA5000D7469 = {
						CreatedOnToolsVersion = 13.4.1;
						TestTargetID = D0192B672A957DA3000D7469;
					};
				};
			};
			buildConfigurationList = D0192B632A957DA3000D7469 /* Build configuration list for PBXProject "Hackwich One" */;
			compatibilityVersion = "Xcode 13.0";
			developmentRegion = en;
			hasScannedForEncodings = 0;
			knownRegions = (
				en,
				Base,
			);
			mainGroup = D0192B5F2A957DA3000D7469;
			productRefGroup = D0192B692A957DA3000D7469 /* Products */;
			projectDirPath = "";
			projectRoot = "";
			targets = (
				D0192B672A957DA3000D7469 /* Hackwich One */,
				D0192B7D2A957DA5000D7469 /* Hackwich OneTests */,
				D0192B872A957DA5000D7469 /* Hackwich OneUITests */,
			);
		};
/* End PBXProject section */

/* Begin PBXResourcesBuildPhase section */
		D0192B662A957DA3000D7469 /* Resources */ = {
			isa = PBXResourcesBuildPhase;
			buildActionMask = 2147483647;
			files = (
				D0192B782A957DA5000D7469 /* LaunchScreen.storyboard in Resources */,
				D0192B752A957DA5000D7469 /* Assets.xcassets in Resources */,
				D0192B732A957DA3000D7469 /* Main.storyboard in Resources */,
			);
			runOnlyForDeploymentPostprocessing = 0;
		};
		D0192B7C2A957DA5000D7469 /* Resources */ = {
			isa = PBXResourcesBuildPhase;
			buildActionMask = 2147483647;
			files = (
			);
			runOnlyForDeploymentPostprocessing = 0;
		};
		D0192B862A957DA5000D7469 /* Resources */ = {
			isa = PBXResourcesBuildPhase;
			buildActionMask = 2147483647;
			files = (
			);
			runOnlyForDeploymentPostprocessing = 0;
		};
/* End PBXResourcesBuildPhase section */

/* Begin PBXSourcesBuildPhase section */
		D0192B642A957DA3000D7469 /* Sources */ = {
			isa = PBXSourcesBuildPhase;
			buildActionMask = 2147483647;
			files = (
				D0192B702A957DA3000D7469 /* ViewController.swift in Sources */,
				D0192B6C2A957DA3000D7469 /* AppDelegate.swift in Sources */,
				D0192B6E2A957DA3000D7469 /* SceneDelegate.swift in Sources */,
			);
			runOnlyForDeploymentPostprocessing = 0;
		};
		D0192B7A2A957DA5000D7469 /* Sources */ = {
			isa = PBXSourcesBuildPhase;
			buildActionMask = 2147483647;
			files = (
				D0192B832A957DA5000D7469 /* Hackwich_OneTests.swift in Sources */,
			);
			runOnlyForDeploymentPostprocessing = 0;
		};
		D0192B842A957DA5000D7469 /* Sources */ = {
			isa = PBXSourcesBuildPhase;
			buildActionMask = 2147483647;
			files = (
				D0192B8D2A957DA5000D7469 /* Hackwich_OneUITests.swift in Sources */,
				D0192B8F2A957DA5000D7469 /* Hackwich_OneUITestsLaunchTests.swift in Sources */,
			);
			runOnlyForDeploymentPostprocessing = 0;
		};
/* End PBXSourcesBuildPhase section */

/* Begin PBXTargetDependency section */
		D0192B802A957DA5000D7469 /* PBXTargetDependency */ = {
			isa = PBXTargetDependency;
			target = D0192B672A957DA3000D7469 /* Hackwich One */;
			targetProxy = D0192B7F2A957DA5000D7469 /* PBXContainerItemProxy */;
		};
		D0192B8A2A957DA5000D7469 /* PBXTargetDependency */ = {
			isa = PBXTargetDependency;
			target = D0192B672A957DA3000D7469 /* Hackwich One */;
			targetProxy = D0192B892A957DA5000D7469 /* PBXContainerItemProxy */;
		};
/* End PBXTargetDependency section */

/* Begin PBXVariantGroup section */
		D0192B712A957DA3000D7469 /* Main.storyboard */ = {
			isa = PBXVariantGroup;
			children = (
				D0192B722A957DA3000D7469 /* Base */,
			);
			name = Main.storyboard;
			sourceTree = "<group>";
		};
		D0192B762A957DA5000D7469 /* LaunchScreen.storyboard */ = {
			isa = PBXVariantGroup;
			children = (
				D0192B772A957DA5000D7469 /* Base */,
			);
			name = LaunchScreen.storyboard;
			sourceTree = "<group>";
		};
/* End PBXVariantGroup section */

/* Begin XCBuildConfiguration section */
		D0192B902A957DA5000D7469 /* Debug */ = {
			isa = XCBuildConfiguration;
			buildSettings = {
				ALWAYS_SEARCH_USER_PATHS = NO;
				CLANG_ANALYZER_NONNULL = YES;
				CLANG_ANALYZER_NUMBER_OBJECT_CONVERSION = YES_AGGRESSIVE;
				CLANG_CXX_LANGUAGE_STANDARD = "gnu++17";
				CLANG_ENABLE_MODULES = YES;
				CLANG_ENABLE_OBJC_ARC = YES;
				CLANG_ENABLE_OBJC_WEAK = YES;
				CLANG_WARN_BLOCK_CAPTURE_AUTORELEASING = YES;
				CLANG_WARN_BOOL_CONVERSION = YES;
				CLANG_WARN_COMMA = YES;
				CLANG_WARN_CONSTANT_CONVERSION = YES;
				CLANG_WARN_DEPRECATED_OBJC_IMPLEMENTATIONS = YES;
				CLANG_WARN_DIRECT_OBJC_ISA_USAGE = YES_ERROR;
				CLANG_WARN_DOCUMENTATION_COMMENTS = YES;
				CLANG_WARN_EMPTY_BODY = YES;
				CLANG_WARN_ENUM_CONVERSION = YES;
				CLANG_WARN_INFINITE_RECURSION = YES;
				CLANG_WARN_INT_CONVERSION = YES;
				CLANG_WARN_NON_LITERAL_NULL_CONVERSION = YES;
				CLANG_WARN_OBJC_IMPLICIT_RETAIN_SELF = YES;
				CLANG_WARN_OBJC_LITERAL_CONVERSION = YES;
				CLANG_WARN_OBJC_ROOT_CLASS = YES_ERROR;
				CLANG_WARN_QUOTED_INCLUDE_IN_FRAMEWORK_HEADER = YES;
				CLANG_WARN_RANGE_LOOP_ANALYSIS = YES;
				CLANG_WARN_STRICT_PROTOTYPES = YES;
				CLANG_WARN_SUSPICIOUS_MOVE = YES;
				CLANG_WARN_UNGUARDED_AVAILABILITY = YES_AGGRESSIVE;
				CLANG_WARN_UNREACHABLE_CODE = YES;
				CLANG_WARN__DUPLICATE_METHOD_MATCH = YES;
				COPY_PHASE_STRIP = NO;
				DEBUG_INFORMATION_FORMAT = dwarf;
				ENABLE_STRICT_OBJC_MSGSEND = YES;
				ENABLE_TESTABILITY = YES;
				GCC_C_LANGUAGE_STANDARD = gnu11;
				GCC_DYNAMIC_NO_PIC = NO;
				GCC_NO_COMMON_BLOCKS = YES;
				GCC_OPTIMIZATION_LEVEL = 0;
				GCC_PREPROCESSOR_DEFINITIONS = (
					"DEBUG=1",
					"$(inherited)",
				);
				GCC_WARN_64_TO_32_BIT_CONVERSION = YES;
				GCC_WARN_ABOUT_RETURN_TYPE = YES_ERROR;
				GCC_WARN_UNDECLARED_SELECTOR = YES;
				GCC_WARN_UNINITIALIZED_AUTOS = YES_AGGRESSIVE;
				GCC_WARN_UNUSED_FUNCTION = YES;
				GCC_WARN_UNUSED_VARIABLE = YES;
				IPHONEOS_DEPLOYMENT_TARGET = 15.5;
				MTL_ENABLE_DEBUG_INFO = INCLUDE_SOURCE;
				MTL_FAST_MATH = YES;
				ONLY_ACTIVE_ARCH = YES;
				SDKROOT = iphoneos;
				SWIFT_ACTIVE_COMPILATION_CONDITIONS = DEBUG;
				SWIFT_OPTIMIZATION_LEVEL = "-Onone";
			};
			name = Debug;
		};
		D0192B912A957DA5000D7469 /* Release */ = {
			isa = XCBuildConfiguration;
			buildSettings = {
				ALWAYS_SEARCH_USER_PATHS = NO;
				CLANG_ANALYZER_NONNULL = YES;
				CLANG_ANALYZER_NUMBER_OBJECT_CONVERSION = YES_AGGRESSIVE;
				CLANG_CXX_LANGUAGE_STANDARD = "gnu++17";
				CLANG_ENABLE_MODULES = YES;
				CLANG_ENABLE_OBJC_ARC = YES;
				CLANG_ENABLE_OBJC_WEAK = YES;
				CLANG_WARN_BLOCK_CAPTURE_AUTORELEASING = YES;
				CLANG_WARN_BOOL_CONVERSION = YES;
				CLANG_WARN_COMMA = YES;
				CLANG_WARN_CONSTANT_CONVERSION = YES;
				CLANG_WARN_DEPRECATED_OBJC_IMPLEMENTATIONS = YES;
				CLANG_WARN_DIRECT_OBJC_ISA_USAGE = YES_ERROR;
				CLANG_WARN_DOCUMENTATION_COMMENTS = YES;
				CLANG_WARN_EMPTY_BODY = YES;
				CLANG_WARN_ENUM_CONVERSION = YES;
				CLANG_WARN_INFINITE_RECURSION = YES;
				CLANG_WARN_INT_CONVERSION = YES;
				CLANG_WARN_NON_LITERAL_NULL_CONVERSION = YES;
				CLANG_WARN_OBJC_IMPLICIT_RETAIN_SELF = YES;
				CLANG_WARN_OBJC_LITERAL_CONVERSION = YES;
				CLANG_WARN_OBJC_ROOT_CLASS = YES_ERROR;
				CLANG_WARN_QUOTED_INCLUDE_IN_FRAMEWORK_HEADER = YES;
				CLANG_WARN_RANGE_LOOP_ANALYSIS = YES;
				CLANG_WARN_STRICT_PROTOTYPES = YES;
				CLANG_WARN_SUSPICIOUS_MOVE = YES;
				CLANG_WARN_UNGUARDED_AVAILABILITY = YES_AGGRESSIVE;
				CLANG_WARN_UNREACHABLE_CODE = YES;
				CLANG_WARN__DUPLICATE_METHOD_MATCH = YES;
				COPY_PHASE_STRIP = NO;
				DEBUG_INFORMATION_FORMAT = "dwarf-with-dsym";
				ENABLE_NS_ASSERTIONS = NO;
				ENABLE_STRICT_OBJC_MSGSEND = YES;
				GCC_C_LANGUAGE_STANDARD = gnu11;
				GCC_NO_COMMON_BLOCKS = YES;
				GCC_WARN_64_TO_32_BIT_CONVERSION = YES;
				GCC_WARN_ABOUT_RETURN_TYPE = YES_ERROR;
				GCC_WARN_UNDECLARED_SELECTOR = YES;
				GCC_WARN_UNINITIALIZED_AUTOS = YES_AGGRESSIVE;
				GCC_WARN_UNUSED_FUNCTION = YES;
				GCC_WARN_UNUSED_VARIABLE = YES;
				IPHONEOS_DEPLOYMENT_TARGET = 15.5;
				MTL_ENABLE_DEBUG_INFO = NO;
				MTL_FAST_MATH = YES;
				SDKROOT = iphoneos;
				SWIFT_COMPILATION_MODE = wholemodule;
				SWIFT_OPTIMIZATION_LEVEL = "-O";
				VALIDATE_PRODUCT = YES;
			};
			name = Release;
		};
		D0192B932A957DA5000D7469 /* Debug */ = {
			isa = XCBuildConfiguration;
			buildSettings = {
				ASSETCATALOG_COMPILER_APPICON_NAME = AppIcon;
				ASSETCATALOG_COMPILER_GLOBAL_ACCENT_COLOR_NAME = AccentColor;
				CODE_SIGN_STYLE = Automatic;
				CURRENT_PROJECT_VERSION = 1;
				DEVELOPMENT_TEAM = RKE9UY8PW2;
				GENERATE_INFOPLIST_FILE = YES;
				INFOPLIST_FILE = "Hackwich One/Info.plist";
				INFOPLIST_KEY_UIApplicationSupportsIndirectInputEvents = YES;
				INFOPLIST_KEY_UILaunchStoryboardName = LaunchScreen;
				INFOPLIST_KEY_UIMainStoryboardFile = Main;
				INFOPLIST_KEY_UISupportedInterfaceOrientations_iPad = "UIInterfaceOrientationPortrait UIInterfaceOrientationPortraitUpsideDown UIInterfaceOrientationLandscapeLeft UIInterfaceOrientationLandscapeRight";
				INFOPLIST_KEY_UISupportedInterfaceOrientations_iPhone = "UIInterfaceOrientationPortrait UIInterfaceOrientationLandscapeLeft UIInterfaceOrientationLandscapeRight";
				LD_RUNPATH_SEARCH_PATHS = (
					"$(inherited)",
					"@executable_path/Frameworks",
				);
				MARKETING_VERSION = 1.0;
				PRODUCT_BUNDLE_IDENTIFIER = "UHWO.Hackwich-One";
				PRODUCT_NAME = "$(TARGET_NAME)";
				SWIFT_EMIT_LOC_STRINGS = YES;
				SWIFT_VERSION = 5.0;
				TARGETED_DEVICE_FAMILY = "1,2";
			};
			name = Debug;
		};
		D0192B942A957DA5000D7469 /* Release */ = {
			isa = XCBuildConfiguration;
			buildSettings = {
				ASSETCATALOG_COMPILER_APPICON_NAME = AppIcon;
				ASSETCATALOG_COMPILER_GLOBAL_ACCENT_COLOR_NAME = AccentColor;
				CODE_SIGN_STYLE = Automatic;
				CURRENT_PROJECT_VERSION = 1;
				DEVELOPMENT_TEAM = RKE9UY8PW2;
				GENERATE_INFOPLIST_FILE = YES;
				INFOPLIST_FILE = "Hackwich One/Info.plist";
				INFOPLIST_KEY_UIApplicationSupportsIndirectInputEvents = YES;
				INFOPLIST_KEY_UILaunchStoryboardName = LaunchScreen;
				INFOPLIST_KEY_UIMainStoryboardFile = Main;
				INFOPLIST_KEY_UISupportedInterfaceOrientations_iPad = "UIInterfaceOrientationPortrait UIInterfaceOrientationPortraitUpsideDown UIInterfaceOrientationLandscapeLeft UIInterfaceOrientationLandscapeRight";
				INFOPLIST_KEY_UISupportedInterfaceOrientations_iPhone = "UIInterfaceOrientationPortrait UIInterfaceOrientationLandscapeLeft UIInterfaceOrientationLandscapeRight";
				LD_RUNPATH_SEARCH_PATHS = (
					"$(inherited)",
					"@executable_path/Frameworks",
				);
				MARKETING_VERSION = 1.0;
				PRODUCT_BUNDLE_IDENTIFIER = "UHWO.Hackwich-One";
				PRODUCT_NAME = "$(TARGET_NAME)";
				SWIFT_EMIT_LOC_STRINGS = YES;
				SWIFT_VERSION = 5.0;
				TARGETED_DEVICE_FAMILY = "1,2";
			};
			name = Release;
		};
		D0192B962A957DA5000D7469 /* Debug */ = {
			isa = XCBuildConfiguration;
			buildSettings = {
				ALWAYS_EMBED_SWIFT_STANDARD_LIBRARIES = YES;
				BUNDLE_LOADER = "$(TEST_HOST)";
				CODE_SIGN_STYLE = Automatic;
				CURRENT_PROJECT_VERSION = 1;
				DEVELOPMENT_TEAM = RKE9UY8PW2;
				GENERATE_INFOPLIST_FILE = YES;
				IPHONEOS_DEPLOYMENT_TARGET = 15.5;
				MARKETING_VERSION = 1.0;
				PRODUCT_BUNDLE_IDENTIFIER = "UHWO.Hackwich-OneTests";
				PRODUCT_NAME = "$(TARGET_NAME)";
				SWIFT_EMIT_LOC_STRINGS = NO;
				SWIFT_VERSION = 5.0;
				TARGETED_DEVICE_FAMILY = "1,2";
				TEST_HOST = "$(BUILT_PRODUCTS_DIR)/Hackwich One.app/Hackwich One";
			};
			name = Debug;
		};
		D0192B972A957DA5000D7469 /* Release */ = {
			isa = XCBuildConfiguration;
			buildSettings = {
				ALWAYS_EMBED_SWIFT_STANDARD_LIBRARIES = YES;
				BUNDLE_LOADER = "$(TEST_HOST)";
				CODE_SIGN_STYLE = Automatic;
				CURRENT_PROJECT_VERSION = 1;
				DEVELOPMENT_TEAM = RKE9UY8PW2;
				GENERATE_INFOPLIST_FILE = YES;
				IPHONEOS_DEPLOYMENT_TARGET = 15.5;
				MARKETING_VERSION = 1.0;
				PRODUCT_BUNDLE_IDENTIFIER = "UHWO.Hackwich-OneTests";
				PRODUCT_NAME = "$(TARGET_NAME)";
				SWIFT_EMIT_LOC_STRINGS = NO;
				SWIFT_VERSION = 5.0;
				TARGETED_DEVICE_FAMILY = "1,2";
				TEST_HOST = "$(BUILT_PRODUCTS_DIR)/Hackwich One.app/Hackwich One";
			};
			name = Release;
		};
		D0192B992A957DA5000D7469 /* Debug */ = {
			isa = XCBuildConfiguration;
			buildSettings = {
				ALWAYS_EMBED_SWIFT_STANDARD_LIBRARIES = YES;
				CODE_SIGN_STYLE = Automatic;
				CURRENT_PROJECT_VERSION = 1;
				DEVELOPMENT_TEAM = RKE9UY8PW2;
				GENERATE_INFOPLIST_FILE = YES;
				MARKETING_VERSION = 1.0;
				PRODUCT_BUNDLE_IDENTIFIER = "UHWO.Hackwich-OneUITests";
				PRODUCT_NAME = "$(TARGET_NAME)";
				SWIFT_EMIT_LOC_STRINGS = NO;
				SWIFT_VERSION = 5.0;
				TARGETED_DEVICE_FAMILY = "1,2";
				TEST_TARGET_NAME = "Hackwich One";
			};
			name = Debug;
		};
		D0192B9A2A957DA5000D7469 /* Release */ = {
			isa = XCBuildConfiguration;
			buildSettings = {
				ALWAYS_EMBED_SWIFT_STANDARD_LIBRARIES = YES;
				CODE_SIGN_STYLE = Automatic;
				CURRENT_PROJECT_VERSION = 1;
				DEVELOPMENT_TEAM = RKE9UY8PW2;
				GENERATE_INFOPLIST_FILE = YES;
				MARKETING_VERSION = 1.0;
				PRODUCT_BUNDLE_IDENTIFIER = "UHWO.Hackwich-OneUITests";
				PRODUCT_NAME = "$(TARGET_NAME)";
				SWIFT_EMIT_LOC_STRINGS = NO;
				SWIFT_VERSION = 5.0;
				TARGETED_DEVICE_FAMILY = "1,2";
				TEST_TARGET_NAME = "Hackwich One";
			};
			name = Release;
		};
/* End XCBuildConfiguration section */

/* Begin XCConfigurationList section */
		D0192B632A957DA3000D7469 /* Build configuration list for PBXProject "Hackwich One" */ = {
			isa = XCConfigurationList;
			buildConfigurations = (
				D0192B902A957DA5000D7469 /* Debug */,
				D0192B912A957DA5000D7469 /* Release */,
			);
			defaultConfigurationIsVisible = 0;
			defaultConfigurationName = Release;
		};
		D0192B922A957DA5000D7469 /* Build configuration list for PBXNativeTarget "Hackwich One" */ = {
			isa = XCConfigurationList;
			buildConfigurations = (
				D0192B932A957DA5000D7469 /* Debug */,
				D0192B942A957DA5000D7469 /* Release */,
			);
			defaultConfigurationIsVisible = 0;
			defaultConfigurationName = Release;
		};
		D0192B952A957DA5000D7469 /* Build configuration list for PBXNativeTarget "Hackwich OneTests" */ = {
			isa = XCConfigurationList;
			buildConfigurations = (
				D0192B962A957DA5000D7469 /* Debug */,
				D0192B972A957DA5000D7469 /* Release */,
			);
			defaultConfigurationIsVisible = 0;
			defaultConfigurationName = Release;
		};
		D0192B982A957DA5000D7469 /* Build configuration list for PBXNativeTarget "Hackwich OneUITests" */ = {
			isa = XCConfigurationList;
			buildConfigurations = (
				D0192B992A957DA5000D7469 /* Debug */,
				D0192B9A2A957DA5000D7469 /* Release */,
			);
			defaultConfigurationIsVisible = 0;
			defaultConfigurationName = Release;
		};
/* End XCConfigurationList section */
	};
	rootObject = D0192B602A957DA3000D7469 /* Project object */;
}
